{"1.2.0",
[{<<"bandit">>,{pkg,<<"bandit">>,<<"1.7.0">>},1},
 {<<"cowboy">>,{pkg,<<"cowboy">>,<<"2.13.0">>},0},
 {<<"cowboy_telemetry">>,{pkg,<<"cowboy_telemetry">>,<<"0.4.0">>},2},
 {<<"cowlib">>,{pkg,<<"cowlib">>,<<"2.15.0">>},1},
 {<<"decimal">>,{pkg,<<"decimal">>,<<"1.9.0">>},2},
 {<<"eex">>,{ex,<<"eex">>,tag,<<"v1.18.4">>},1},
 {<<"elixir">>,{ex,<<"elixir">>,tag,<<"v1.18.4">>},1},
 {<<"elixir_full">>,{ex,<<"elixir_full">>,tag,<<"v1.18.4">>},0},
 {<<"ex_unit">>,{ex,<<"ex_unit">>,tag,<<"v1.18.4">>},1},
 {<<"glob_ex">>,{pkg,<<"glob_ex">>,<<"0.1.11">>},3},
 {<<"hpax">>,{pkg,<<"hpax">>,<<"1.0.3">>},2},
 {<<"iex">>,{ex,<<"iex">>,tag,<<"v1.18.4">>},1},
 {<<"igniter">>,{pkg,<<"igniter">>,<<"0.6.25">>},1},
 {<<"jason">>,{pkg,<<"jason">>,<<"1.4.4">>},1},
 {<<"live_vue">>,{pkg,<<"live_vue">>,<<"0.7.1">>},0},
 {<<"logger">>,{ex,<<"logger">>,tag,<<"v1.18.4">>},1},
 {<<"mime">>,{pkg,<<"mime">>,<<"1.6.0">>},2},
 {<<"mix">>,{ex,<<"mix">>,tag,<<"v1.18.4">>},1},
 {<<"phoenix">>,{pkg,<<"phoenix">>,<<"1.8.0">>},0},
 {<<"phoenix_html">>,{pkg,<<"phoenix_html">>,<<"2.14.3">>},2},
 {<<"phoenix_pubsub">>,{pkg,<<"phoenix_pubsub">>,<<"2.1.3">>},1},
 {<<"phoenix_template">>,{pkg,<<"phoenix_template">>,<<"1.0.4">>},1},
 {<<"phoenix_view">>,{pkg,<<"phoenix_view">>,<<"2.0.4">>},1},
 {<<"plug">>,{pkg,<<"plug">>,<<"1.18.1">>},1},
 {<<"plug_cowboy">>,{pkg,<<"plug_cowboy">>,<<"2.7.4">>},1},
 {<<"plug_crypto">>,{pkg,<<"plug_crypto">>,<<"1.2.5">>},1},
 {<<"ranch">>,{pkg,<<"ranch">>,<<"2.2.0">>},1},
 {<<"rewrite">>,{pkg,<<"rewrite">>,<<"1.1.2">>},2},
 {<<"sourceror">>,{pkg,<<"sourceror">>,<<"1.10.0">>},3},
 {<<"telemetry">>,{pkg,<<"telemetry">>,<<"0.4.3">>},1},
 {<<"text_diff">>,{pkg,<<"text_diff">>,<<"0.1.0">>},3},
 {<<"thousand_island">>,{pkg,<<"thousand_island">>,<<"1.3.14">>},2},
 {<<"websock">>,{pkg,<<"websock">>,<<"0.5.3">>},2},
 {<<"websock_adapter">>,{pkg,<<"websock_adapter">>,<<"0.5.8">>},1}]}.
[
{pkg_hash,[
 {<<"bandit">>, <<"D1564F30553C97D3E25F9623144BB8DF11F3787A26733F00B21699A128105C0C">>},
 {<<"cowboy">>, <<"09D770DD5F6A22CC60C071F432CD7CB87776164527F205C5A6B0F24FF6B38990">>},
 {<<"cowboy_telemetry">>, <<"F239F68B588EFA7707ABCE16A84D0D2ACF3A0F50571F8BB7F56A15865AAE820C">>},
 {<<"cowlib">>, <<"3C97A318A933962D1C12B96AB7C1D728267D2C523C25A5B57B0F93392B6E9E25">>},
 {<<"decimal">>, <<"83E8DAF59631D632B171FAABAFB4A9F4242C514B0A06BA3DF493951C08F64D07">>},
 {<<"glob_ex">>, <<"CB50D3F1EF53F6CA04D6252C7FDE09FD7A1CF63387714FE96F340A1349E62C93">>},
 {<<"hpax">>, <<"ED67EF51AD4DF91E75CC6A1494F851850C0BD98EBC0BE6E81B026E765EE535AA">>},
 {<<"igniter">>, <<"E2774A4605C2BC9FC38F689232604AEA0FC925C7966AE8E928FD9EA2FA9D300C">>},
 {<<"jason">>, <<"B9226785A9AA77B6857CA22832CFFA5D5011A667207EB2A0AD56ADB5DB443B8A">>},
 {<<"live_vue">>, <<"94F4442139E6757919E2D74CA077F5EFD0563E332B9EE8D3C7F398AA78FB1412">>},
 {<<"mime">>, <<"DABDE576A497CEF4BBDD60ACEEE8160E02A6C89250D6C0B29E56C0DFB00DB3D2">>},
 {<<"phoenix">>, <<"DC5D256BB253110266DED8C4A6A167E24FABDE2E14B8E474D262840AE8D8EA18">>},
 {<<"phoenix_html">>, <<"51F720D0D543E4E157FF06B65DE38E13303D5778A7919BCC696599E5934271B8">>},
 {<<"phoenix_pubsub">>, <<"3168D78BA41835AECAD272D5E8CD51AA87A7AC9EB836EABC42F6E57538E3731D">>},
 {<<"phoenix_template">>, <<"E2092C132F3B5E5B2D49C96695342EB36D0ED514C5B252A77048D5969330D639">>},
 {<<"phoenix_view">>, <<"B45C9D9CF15B3A1AF5FB555C674B525391B6A1FE975F040FB4D913397B31ABF4">>},
 {<<"plug">>, <<"5067F26F7745B7E31BC3368BC1A2B818B9779FAA959B49C934C17730EFC911CF">>},
 {<<"plug_cowboy">>, <<"729C752D17CF364E2B8DA5BDB34FB5804F56251E88BB602AFF48AE0BD8673D11">>},
 {<<"plug_crypto">>, <<"918772575E48E81E455818229BF719D4AB4181FCBF7F85B68A35620F78D89CED">>},
 {<<"ranch">>, <<"25528F82BC8D7C6152C57666CA99EC716510FE0925CB188172F41CE93117B1B0">>},
 {<<"rewrite">>, <<"F5A5D10F5FED1491A6FF48E078D4585882695962CCC9E6C779BAE025D1F92EDA">>},
 {<<"sourceror">>, <<"38397DEDBBC286966EC48C7AF13E228B171332BE1AD731974438C77791945CE9">>},
 {<<"telemetry">>, <<"A06428A514BDBC63293CD9A6263AAD00DDEB66F608163BDEC7C8995784080818">>},
 {<<"text_diff">>, <<"1CAF3175E11A53A9A139BC9339BD607C47B9E376B073D4571C031913317FECAA">>},
 {<<"thousand_island">>, <<"AD45EBED2577B5437582BCC79C5ECCD1E2A8C326ABF6A3464AB6C06E2055A34A">>},
 {<<"websock">>, <<"2F69A6EBE810328555B6FE5C831A851F485E303A7C8CE6C5F675ABEB20EBDADC">>},
 {<<"websock_adapter">>, <<"3B97DC94E407E2D1FC666B2FB9ACF6BE81A1798A2602294AAC000260A7C4A47D">>}]},
{pkg_hash_ext,[
 {<<"bandit">>, <<"3E2F7A98C7A11F48D9D8C037F7177CD39778E74D55C7AF06FE6227C742A8168A">>},
 {<<"cowboy">>, <<"E724D3A70995025D654C1992C7B11DBFEA95205C047D86FF9BF1CDA92DDC5614">>},
 {<<"cowboy_telemetry">>, <<"7D98BAC1EE4565D31B62D59F8823DFD8356A169E7FCBB83831B8A5397404C9DE">>},
 {<<"cowlib">>, <<"4F00C879A64B4FE7C8FCB42A4281925E9FFDB928820B03C3AD325A617E857532">>},
 {<<"decimal">>, <<"B1F2343568EED6928F3E751CF2DFFDE95BFAA19DD95D09E8A9EA92CCFD6F7D85">>},
 {<<"glob_ex">>, <<"342729363056E3145E61766B416769984C329E4378F1D558B63E341020525DE4">>},
 {<<"hpax">>, <<"8EAB6E1CFA8D5918C2CE4BA43588E894AF35DBD8E91E6E55C817BCA5847DF34A">>},
 {<<"igniter">>, <<"B1916E1E45796D5C371C7671305E81277231617EB58B1C120915ABA237FBCE6A">>},
 {<<"jason">>, <<"C5EB0CAB91F094599F94D55BC63409236A8EC69A21A67814529E8D5F6CC90B3B">>},
 {<<"live_vue">>, <<"7BE13E14468C5D95A88D402CA3BC44E59F275ABA7BEDDAE1DF8CD64600468615">>},
 {<<"mime">>, <<"31A1A8613F8321143DDE1DAFC36006A17D28D02BDFECB9E95A880FA7AABD19A7">>},
 {<<"phoenix">>, <<"15F6E9CB76646AD8D9F2947240519666FC2C4F29F8A93AD9C7664916AB4C167B">>},
 {<<"phoenix_html">>, <<"EFD697A7FFF35A13EEEB6B43DB884705CBA353A1A41D127D118FDA5F90C8E80F">>},
 {<<"phoenix_pubsub">>, <<"BBA06BC1DCFD8CB086759F0EDC94A8BA2BC8896D5331A1E2C2902BF8E36EE502">>},
 {<<"phoenix_template">>, <<"2C0C81F0E5C6753FAF5CCA2F229C9709919ABA34FAB866D3BC05060C9C444206">>},
 {<<"phoenix_view">>, <<"4E992022CE14F31FE57335DB27A28154AFCC94E9983266835BB3040243EB620B">>},
 {<<"plug">>, <<"57A57DB70DF2B422B564437D2D33CF8D33CD16339C1EDB190CD11B1A3A546CC2">>},
 {<<"plug_cowboy">>, <<"9B85632BD7012615BAE0A5D70084DEB1B25D2BCBB32CAB82D1E9A1E023168AA3">>},
 {<<"plug_crypto">>, <<"26549A1D6345E2172EB1C233866756AE44A9609BD33EE6F99147AB3FD87FD842">>},
 {<<"ranch">>, <<"FA0B99A1780C80218A4197A59EA8D3BDAE32FBFF7E88527D7D8A4787EFF4F8E7">>},
 {<<"rewrite">>, <<"7F8B94B1E3528D0A47B3E8B7BFECA559D2948A65FA7418A9AD7D7712703D39D4">>},
 {<<"sourceror">>, <<"29DBDFC92E04569C9D8E6EFDC422FC1D815F4BD0055DC7C51B8800FB75C4B3F1">>},
 {<<"telemetry">>, <<"EB72B8365FFDA5BED68A620D1DA88525E326CB82A75EE61354FC24B844768041">>},
 {<<"text_diff">>, <<"D1FFAAECAB338E49357B6DAA82E435F877E0649041ACE7755583A0EA3362DBD7">>},
 {<<"thousand_island">>, <<"D0D24A929D31CDD1D7903A4FE7F2409AFEEDFF092D277BE604966CD6AA4307EF">>},
 {<<"websock">>, <<"6105453D7FAC22C712AD66FAB1D45ABDF049868F253CF719B625151460B8B453">>},
 {<<"websock_adapter">>, <<"315B9A1865552212B5F35140AD194E67CE31AF45BCEE443D4ECB96B5FD3F3782">>}]}
].
